// !$*UTF8*$!
{
	archiveVersion = 1;
	classes = {
	};
	objectVersion = 53;
	objects = {

/* Begin PBXBuildFile section */
		662CB8882375BCD900521082 /* LegalDocumentsViewController.swift in Sources */ = {isa = PBXBuildFile; fileRef = 662CB8872375BCD900521082 /* LegalDocumentsViewController.swift */; };
		664D6E612337CA0100A964A8 /* LoadingViewController.swift in Sources */ = {isa = PBXBuildFile; fileRef = 664D6E602337CA0100A964A8 /* LoadingViewController.swift */; };
		664DD13022341EAE00389062 /* SignUpViewController.swift in Sources */ = {isa = PBXBuildFile; fileRef = 664DD12F22341EAE00389062 /* SignUpViewController.swift */; };
		664DD13422361F2E00389062 /* API.swift in Sources */ = {isa = PBXBuildFile; fileRef = 664DD13322361F2E00389062 /* API.swift */; };
		664DD1362236F4B900389062 /* ErrorCode.swift in Sources */ = {isa = PBXBuildFile; fileRef = 664DD1352236F4B900389062 /* ErrorCode.swift */; };
		665442EA2311FE71002C60FF /* AccountDetailsViewController.swift in Sources */ = {isa = PBXBuildFile; fileRef = 665442E92311FE71002C60FF /* AccountDetailsViewController.swift */; };
		666054AA223B1DF700EF61EC /* Alert.swift in Sources */ = {isa = PBXBuildFile; fileRef = 666054A9223B1DF700EF61EC /* Alert.swift */; };
		66721FA92237FE7F001984C4 /* LogInViewController.swift in Sources */ = {isa = PBXBuildFile; fileRef = 66721FA82237FE7F001984C4 /* LogInViewController.swift */; };
		66721FB9223828DC001984C4 /* TabBarController.swift in Sources */ = {isa = PBXBuildFile; fileRef = 66721FB8223828DC001984C4 /* TabBarController.swift */; };
		66721FBB22382FA2001984C4 /* AccountViewController.swift in Sources */ = {isa = PBXBuildFile; fileRef = 66721FBA22382FA1001984C4 /* AccountViewController.swift */; };
		66721FBF2238AC7E001984C4 /* Spinner.swift in Sources */ = {isa = PBXBuildFile; fileRef = 66721FBE2238AC7E001984C4 /* Spinner.swift */; };
		667953E5233BBD52003B6BEC /* Verdict.swift in Sources */ = {isa = PBXBuildFile; fileRef = 667953E4233BBD52003B6BEC /* Verdict.swift */; };
		66D02DD7235764E700371A09 /* PostCommentViewController.swift in Sources */ = {isa = PBXBuildFile; fileRef = 66D02DD6235764E700371A09 /* PostCommentViewController.swift */; };
		66D02DD9235766BA00371A09 /* CommentsHeaderTableViewCell.swift in Sources */ = {isa = PBXBuildFile; fileRef = 66D02DD8235766BA00371A09 /* CommentsHeaderTableViewCell.swift */; };
		66D02DDB235934E100371A09 /* CommentsTableViewController.swift in Sources */ = {isa = PBXBuildFile; fileRef = 66D02DDA235934E100371A09 /* CommentsTableViewController.swift */; };
		66D83394234B785500481A82 /* BattlesTableViewCell.xib in Resources */ = {isa = PBXBuildFile; fileRef = 66D83393234B785500481A82 /* BattlesTableViewCell.xib */; };
		66D83397234B7B1500481A82 /* CommentsTableViewCell.swift in Sources */ = {isa = PBXBuildFile; fileRef = 66D83395234B7B1500481A82 /* CommentsTableViewCell.swift */; };
		66D83398234B7B1500481A82 /* CommentsTableViewCell.xib in Resources */ = {isa = PBXBuildFile; fileRef = 66D83396234B7B1500481A82 /* CommentsTableViewCell.xib */; };
		66D8339A234D5AB700481A82 /* BattleDetailsViewController.swift in Sources */ = {isa = PBXBuildFile; fileRef = 66D83399234D5AB700481A82 /* BattleDetailsViewController.swift */; };
		66D8339C234D5C9900481A82 /* Comment.swift in Sources */ = {isa = PBXBuildFile; fileRef = 66D8339B234D5C9900481A82 /* Comment.swift */; };
		66D8B4B32311B0D200B1A9F4 /* YesNo.swift in Sources */ = {isa = PBXBuildFile; fileRef = 66D8B4B22311B0D200B1A9F4 /* YesNo.swift */; };
		66DBFC02221EF293007E990C /* AppDelegate.swift in Sources */ = {isa = PBXBuildFile; fileRef = 66DBFC01221EF293007E990C /* AppDelegate.swift */; };
		66DBFC04221EF293007E990C /* BattlesTableViewController.swift in Sources */ = {isa = PBXBuildFile; fileRef = 66DBFC03221EF293007E990C /* BattlesTableViewController.swift */; };
		66DBFC06221EF293007E990C /* PostViewController.swift in Sources */ = {isa = PBXBuildFile; fileRef = 66DBFC05221EF293007E990C /* PostViewController.swift */; };
		66DBFC09221EF293007E990C /* Main.storyboard in Resources */ = {isa = PBXBuildFile; fileRef = 66DBFC07221EF293007E990C /* Main.storyboard */; };
		66DBFC0B221EF293007E990C /* Assets.xcassets in Resources */ = {isa = PBXBuildFile; fileRef = 66DBFC0A221EF293007E990C /* Assets.xcassets */; };
		66DBFC0E221EF293007E990C /* LaunchScreen.storyboard in Resources */ = {isa = PBXBuildFile; fileRef = 66DBFC0C221EF293007E990C /* LaunchScreen.storyboard */; };
		66DBFC19221EF293007E990C /* bitterbattlesTests.swift in Sources */ = {isa = PBXBuildFile; fileRef = 66DBFC18221EF293007E990C /* bitterbattlesTests.swift */; };
		66DBFC24221EF294007E990C /* bitterbattlesUITests.swift in Sources */ = {isa = PBXBuildFile; fileRef = 66DBFC23221EF294007E990C /* bitterbattlesUITests.swift */; };
		66E3DDE42226146B00B5C028 /* Battle.swift in Sources */ = {isa = PBXBuildFile; fileRef = 66E3DDE32226146B00B5C028 /* Battle.swift */; };
		66FCF6CC2224C913009BEF1F /* BattlesTableViewCell.swift in Sources */ = {isa = PBXBuildFile; fileRef = 66FCF6CB2224C913009BEF1F /* BattlesTableViewCell.swift */; };
/* End PBXBuildFile section */

/* Begin PBXContainerItemProxy section */
		66DBFC15221EF293007E990C /* PBXContainerItemProxy */ = {
			isa = PBXContainerItemProxy;
			containerPortal = 66DBFBF6221EF293007E990C /* Project object */;
			proxyType = 1;
			remoteGlobalIDString = 66DBFBFD221EF293007E990C;
			remoteInfo = bitterbattles;
		};
		66DBFC20221EF294007E990C /* PBXContainerItemProxy */ = {
			isa = PBXContainerItemProxy;
			containerPortal = 66DBFBF6221EF293007E990C /* Project object */;
			proxyType = 1;
			remoteGlobalIDString = 66DBFBFD221EF293007E990C;
			remoteInfo = bitterbattles;
		};
/* End PBXContainerItemProxy section */

/* Begin PBXFileReference section */
		662CB8872375BCD900521082 /* LegalDocumentsViewController.swift */ = {isa = PBXFileReference; lastKnownFileType = sourcecode.swift; path = LegalDocumentsViewController.swift; sourceTree = "<group>"; };
		664D6E602337CA0100A964A8 /* LoadingViewController.swift */ = {isa = PBXFileReference; lastKnownFileType = sourcecode.swift; path = LoadingViewController.swift; sourceTree = "<group>"; };
		664DD12F22341EAE00389062 /* SignUpViewController.swift */ = {isa = PBXFileReference; fileEncoding = 4; lastKnownFileType = sourcecode.swift; path = SignUpViewController.swift; sourceTree = "<group>"; };
		664DD13322361F2E00389062 /* API.swift */ = {isa = PBXFileReference; lastKnownFileType = sourcecode.swift; path = API.swift; sourceTree = "<group>"; };
		664DD1352236F4B900389062 /* ErrorCode.swift */ = {isa = PBXFileReference; lastKnownFileType = sourcecode.swift; path = ErrorCode.swift; sourceTree = "<group>"; };
		665442E92311FE71002C60FF /* AccountDetailsViewController.swift */ = {isa = PBXFileReference; lastKnownFileType = sourcecode.swift; path = AccountDetailsViewController.swift; sourceTree = "<group>"; };
		666054A9223B1DF700EF61EC /* Alert.swift */ = {isa = PBXFileReference; lastKnownFileType = sourcecode.swift; path = Alert.swift; sourceTree = "<group>"; };
		66721FA82237FE7F001984C4 /* LogInViewController.swift */ = {isa = PBXFileReference; lastKnownFileType = sourcecode.swift; path = LogInViewController.swift; sourceTree = "<group>"; };
		66721FB8223828DC001984C4 /* TabBarController.swift */ = {isa = PBXFileReference; lastKnownFileType = sourcecode.swift; path = TabBarController.swift; sourceTree = "<group>"; };
		66721FBA22382FA1001984C4 /* AccountViewController.swift */ = {isa = PBXFileReference; fileEncoding = 4; lastKnownFileType = sourcecode.swift; path = AccountViewController.swift; sourceTree = "<group>"; };
		66721FBE2238AC7E001984C4 /* Spinner.swift */ = {isa = PBXFileReference; lastKnownFileType = sourcecode.swift; path = Spinner.swift; sourceTree = "<group>"; };
		667953E4233BBD52003B6BEC /* Verdict.swift */ = {isa = PBXFileReference; lastKnownFileType = sourcecode.swift; path = Verdict.swift; sourceTree = "<group>"; };
		66D02DD6235764E700371A09 /* PostCommentViewController.swift */ = {isa = PBXFileReference; lastKnownFileType = sourcecode.swift; path = PostCommentViewController.swift; sourceTree = "<group>"; };
		66D02DD8235766BA00371A09 /* CommentsHeaderTableViewCell.swift */ = {isa = PBXFileReference; lastKnownFileType = sourcecode.swift; path = CommentsHeaderTableViewCell.swift; sourceTree = "<group>"; };
		66D02DDA235934E100371A09 /* CommentsTableViewController.swift */ = {isa = PBXFileReference; lastKnownFileType = sourcecode.swift; path = CommentsTableViewController.swift; sourceTree = "<group>"; };
		66D83393234B785500481A82 /* BattlesTableViewCell.xib */ = {isa = PBXFileReference; lastKnownFileType = file.xib; path = BattlesTableViewCell.xib; sourceTree = "<group>"; };
		66D83395234B7B1500481A82 /* CommentsTableViewCell.swift */ = {isa = PBXFileReference; lastKnownFileType = sourcecode.swift; path = CommentsTableViewCell.swift; sourceTree = "<group>"; };
		66D83396234B7B1500481A82 /* CommentsTableViewCell.xib */ = {isa = PBXFileReference; lastKnownFileType = file.xib; path = CommentsTableViewCell.xib; sourceTree = "<group>"; };
		66D83399234D5AB700481A82 /* BattleDetailsViewController.swift */ = {isa = PBXFileReference; lastKnownFileType = sourcecode.swift; path = BattleDetailsViewController.swift; sourceTree = "<group>"; };
		66D8339B234D5C9900481A82 /* Comment.swift */ = {isa = PBXFileReference; lastKnownFileType = sourcecode.swift; path = Comment.swift; sourceTree = "<group>"; };
		66D8B4B22311B0D200B1A9F4 /* YesNo.swift */ = {isa = PBXFileReference; lastKnownFileType = sourcecode.swift; path = YesNo.swift; sourceTree = "<group>"; };
		66DBFBFE221EF293007E990C /* bitterbattles.app */ = {isa = PBXFileReference; explicitFileType = wrapper.application; includeInIndex = 0; path = bitterbattles.app; sourceTree = BUILT_PRODUCTS_DIR; };
		66DBFC01221EF293007E990C /* AppDelegate.swift */ = {isa = PBXFileReference; lastKnownFileType = sourcecode.swift; path = AppDelegate.swift; sourceTree = "<group>"; };
		66DBFC03221EF293007E990C /* BattlesTableViewController.swift */ = {isa = PBXFileReference; lastKnownFileType = sourcecode.swift; path = BattlesTableViewController.swift; sourceTree = "<group>"; };
		66DBFC05221EF293007E990C /* PostViewController.swift */ = {isa = PBXFileReference; lastKnownFileType = sourcecode.swift; path = PostViewController.swift; sourceTree = "<group>"; };
		66DBFC08221EF293007E990C /* Base */ = {isa = PBXFileReference; lastKnownFileType = file.storyboard; name = Base; path = Base.lproj/Main.storyboard; sourceTree = "<group>"; };
		66DBFC0A221EF293007E990C /* Assets.xcassets */ = {isa = PBXFileReference; lastKnownFileType = folder.assetcatalog; path = Assets.xcassets; sourceTree = "<group>"; };
		66DBFC0D221EF293007E990C /* Base */ = {isa = PBXFileReference; lastKnownFileType = file.storyboard; name = Base; path = Base.lproj/LaunchScreen.storyboard; sourceTree = "<group>"; };
		66DBFC0F221EF293007E990C /* Info.plist */ = {isa = PBXFileReference; lastKnownFileType = text.plist.xml; path = Info.plist; sourceTree = "<group>"; };
		66DBFC14221EF293007E990C /* bitterbattlesTests.xctest */ = {isa = PBXFileReference; explicitFileType = wrapper.cfbundle; includeInIndex = 0; path = bitterbattlesTests.xctest; sourceTree = BUILT_PRODUCTS_DIR; };
		66DBFC18221EF293007E990C /* bitterbattlesTests.swift */ = {isa = PBXFileReference; lastKnownFileType = sourcecode.swift; path = bitterbattlesTests.swift; sourceTree = "<group>"; };
		66DBFC1A221EF294007E990C /* Info.plist */ = {isa = PBXFileReference; lastKnownFileType = text.plist.xml; path = Info.plist; sourceTree = "<group>"; };
		66DBFC1F221EF294007E990C /* bitterbattlesUITests.xctest */ = {isa = PBXFileReference; explicitFileType = wrapper.cfbundle; includeInIndex = 0; path = bitterbattlesUITests.xctest; sourceTree = BUILT_PRODUCTS_DIR; };
		66DBFC23221EF294007E990C /* bitterbattlesUITests.swift */ = {isa = PBXFileReference; lastKnownFileType = sourcecode.swift; path = bitterbattlesUITests.swift; sourceTree = "<group>"; };
		66DBFC25221EF294007E990C /* Info.plist */ = {isa = PBXFileReference; lastKnownFileType = text.plist.xml; path = Info.plist; sourceTree = "<group>"; };
		66E3DDE32226146B00B5C028 /* Battle.swift */ = {isa = PBXFileReference; lastKnownFileType = sourcecode.swift; path = Battle.swift; sourceTree = "<group>"; };
		66FCF6CB2224C913009BEF1F /* BattlesTableViewCell.swift */ = {isa = PBXFileReference; lastKnownFileType = sourcecode.swift; path = BattlesTableViewCell.swift; sourceTree = "<group>"; };
/* End PBXFileReference section */

/* Begin PBXFrameworksBuildPhase section */
		66DBFBFB221EF293007E990C /* Frameworks */ = {
			isa = PBXFrameworksBuildPhase;
			buildActionMask = 2147483647;
			files = (
			);
			runOnlyForDeploymentPostprocessing = 0;
		};
		66DBFC11221EF293007E990C /* Frameworks */ = {
			isa = PBXFrameworksBuildPhase;
			buildActionMask = 2147483647;
			files = (
			);
			runOnlyForDeploymentPostprocessing = 0;
		};
		66DBFC1C221EF294007E990C /* Frameworks */ = {
			isa = PBXFrameworksBuildPhase;
			buildActionMask = 2147483647;
			files = (
			);
			runOnlyForDeploymentPostprocessing = 0;
		};
/* End PBXFrameworksBuildPhase section */

/* Begin PBXGroup section */
		66DBFBF5221EF293007E990C = {
			isa = PBXGroup;
			children = (
				66DBFC00221EF293007E990C /* bitterbattles */,
				66DBFC17221EF293007E990C /* bitterbattlesTests */,
				66DBFC22221EF294007E990C /* bitterbattlesUITests */,
				66DBFBFF221EF293007E990C /* Products */,
			);
			sourceTree = "<group>";
		};
		66DBFBFF221EF293007E990C /* Products */ = {
			isa = PBXGroup;
			children = (
				66DBFBFE221EF293007E990C /* bitterbattles.app */,
				66DBFC14221EF293007E990C /* bitterbattlesTests.xctest */,
				66DBFC1F221EF294007E990C /* bitterbattlesUITests.xctest */,
			);
			name = Products;
			sourceTree = "<group>";
		};
		66DBFC00221EF293007E990C /* bitterbattles */ = {
			isa = PBXGroup;
			children = (
				66DBFC0A221EF293007E990C /* Assets.xcassets */,
				66DBFC0F221EF293007E990C /* Info.plist */,
				66DBFC01221EF293007E990C /* AppDelegate.swift */,
				66DBFC0C221EF293007E990C /* LaunchScreen.storyboard */,
				66DBFC07221EF293007E990C /* Main.storyboard */,
				664D6E602337CA0100A964A8 /* LoadingViewController.swift */,
				66721FB8223828DC001984C4 /* TabBarController.swift */,
				66DBFC03221EF293007E990C /* BattlesTableViewController.swift */,
				66FCF6CB2224C913009BEF1F /* BattlesTableViewCell.swift */,
				66D83393234B785500481A82 /* BattlesTableViewCell.xib */,
				66D83399234D5AB700481A82 /* BattleDetailsViewController.swift */,
				66D02DD8235766BA00371A09 /* CommentsHeaderTableViewCell.swift */,
				66D83395234B7B1500481A82 /* CommentsTableViewCell.swift */,
				66D83396234B7B1500481A82 /* CommentsTableViewCell.xib */,
				66D02DD6235764E700371A09 /* PostCommentViewController.swift */,
				66721FA82237FE7F001984C4 /* LogInViewController.swift */,
				664DD12F22341EAE00389062 /* SignUpViewController.swift */,
				66DBFC05221EF293007E990C /* PostViewController.swift */,
				66721FBA22382FA1001984C4 /* AccountViewController.swift */,
				66D02DDA235934E100371A09 /* CommentsTableViewController.swift */,
				665442E92311FE71002C60FF /* AccountDetailsViewController.swift */,
				662CB8872375BCD900521082 /* LegalDocumentsViewController.swift */,
				664DD13322361F2E00389062 /* API.swift */,
				66E3DDE32226146B00B5C028 /* Battle.swift */,
				66D8339B234D5C9900481A82 /* Comment.swift */,
				664DD1352236F4B900389062 /* ErrorCode.swift */,
				66721FBE2238AC7E001984C4 /* Spinner.swift */,
				666054A9223B1DF700EF61EC /* Alert.swift */,
				66D8B4B22311B0D200B1A9F4 /* YesNo.swift */,
				667953E4233BBD52003B6BEC /* Verdict.swift */,
			);
			path = bitterbattles;
			sourceTree = "<group>";
		};
		66DBFC17221EF293007E990C /* bitterbattlesTests */ = {
			isa = PBXGroup;
			children = (
				66DBFC18221EF293007E990C /* bitterbattlesTests.swift */,
				66DBFC1A221EF294007E990C /* Info.plist */,
			);
			path = bitterbattlesTests;
			sourceTree = "<group>";
		};
		66DBFC22221EF294007E990C /* bitterbattlesUITests */ = {
			isa = PBXGroup;
			children = (
				66DBFC23221EF294007E990C /* bitterbattlesUITests.swift */,
				66DBFC25221EF294007E990C /* Info.plist */,
			);
			path = bitterbattlesUITests;
			sourceTree = "<group>";
		};
/* End PBXGroup section */

/* Begin PBXNativeTarget section */
		66DBFBFD221EF293007E990C /* bitterbattles */ = {
			isa = PBXNativeTarget;
			buildConfigurationList = 66DBFC28221EF294007E990C /* Build configuration list for PBXNativeTarget "bitterbattles" */;
			buildPhases = (
				66DBFBFA221EF293007E990C /* Sources */,
				66DBFBFB221EF293007E990C /* Frameworks */,
				66DBFBFC221EF293007E990C /* Resources */,
			);
			buildRules = (
			);
			dependencies = (
			);
			name = bitterbattles;
			productName = bitterbattles;
			productReference = 66DBFBFE221EF293007E990C /* bitterbattles.app */;
			productType = "com.apple.product-type.application";
		};
		66DBFC13221EF293007E990C /* bitterbattlesTests */ = {
			isa = PBXNativeTarget;
			buildConfigurationList = 66DBFC2B221EF294007E990C /* Build configuration list for PBXNativeTarget "bitterbattlesTests" */;
			buildPhases = (
				66DBFC10221EF293007E990C /* Sources */,
				66DBFC11221EF293007E990C /* Frameworks */,
				66DBFC12221EF293007E990C /* Resources */,
			);
			buildRules = (
			);
			dependencies = (
				66DBFC16221EF293007E990C /* PBXTargetDependency */,
			);
			name = bitterbattlesTests;
			productName = bitterbattlesTests;
			productReference = 66DBFC14221EF293007E990C /* bitterbattlesTests.xctest */;
			productType = "com.apple.product-type.bundle.unit-test";
		};
		66DBFC1E221EF294007E990C /* bitterbattlesUITests */ = {
			isa = PBXNativeTarget;
			buildConfigurationList = 66DBFC2E221EF294007E990C /* Build configuration list for PBXNativeTarget "bitterbattlesUITests" */;
			buildPhases = (
				66DBFC1B221EF294007E990C /* Sources */,
				66DBFC1C221EF294007E990C /* Frameworks */,
				66DBFC1D221EF294007E990C /* Resources */,
			);
			buildRules = (
			);
			dependencies = (
				66DBFC21221EF294007E990C /* PBXTargetDependency */,
			);
			name = bitterbattlesUITests;
			productName = bitterbattlesUITests;
			productReference = 66DBFC1F221EF294007E990C /* bitterbattlesUITests.xctest */;
			productType = "com.apple.product-type.bundle.ui-testing";
		};
/* End PBXNativeTarget section */

/* Begin PBXProject section */
		66DBFBF6221EF293007E990C /* Project object */ = {
			isa = PBXProject;
			attributes = {
				LastSwiftUpdateCheck = 1010;
				LastUpgradeCheck = 1010;
				ORGANIZATIONNAME = "Little Wolf Software";
				TargetAttributes = {
					66DBFBFD221EF293007E990C = {
						CreatedOnToolsVersion = 10.1;
						LastSwiftMigration = 1140;
					};
					66DBFC13221EF293007E990C = {
						CreatedOnToolsVersion = 10.1;
						LastSwiftMigration = 1140;
						TestTargetID = 66DBFBFD221EF293007E990C;
					};
					66DBFC1E221EF294007E990C = {
						CreatedOnToolsVersion = 10.1;
						LastSwiftMigration = 1140;
						TestTargetID = 66DBFBFD221EF293007E990C;
					};
				};
			};
			buildConfigurationList = 66DBFBF9221EF293007E990C /* Build configuration list for PBXProject "bitterbattles" */;
			compatibilityVersion = "Xcode 11.4";
			developmentRegion = en;
			hasScannedForEncodings = 0;
			knownRegions = (
				en,
				Base,
			);
			mainGroup = 66DBFBF5221EF293007E990C;
			productRefGroup = 66DBFBFF221EF293007E990C /* Products */;
			projectDirPath = "";
			projectRoot = "";
			targets = (
				66DBFBFD221EF293007E990C /* bitterbattles */,
				66DBFC13221EF293007E990C /* bitterbattlesTests */,
				66DBFC1E221EF294007E990C /* bitterbattlesUITests */,
			);
		};
/* End PBXProject section */

/* Begin PBXResourcesBuildPhase section */
		66DBFBFC221EF293007E990C /* Resources */ = {
			isa = PBXResourcesBuildPhase;
			buildActionMask = 2147483647;
			files = (
				66DBFC0E221EF293007E990C /* LaunchScreen.storyboard in Resources */,
				66DBFC0B221EF293007E990C /* Assets.xcassets in Resources */,
				66DBFC09221EF293007E990C /* Main.storyboard in Resources */,
				66D83394234B785500481A82 /* BattlesTableViewCell.xib in Resources */,
				66D83398234B7B1500481A82 /* CommentsTableViewCell.xib in Resources */,
			);
			runOnlyForDeploymentPostprocessing = 0;
		};
		66DBFC12221EF293007E990C /* Resources */ = {
			isa = PBXResourcesBuildPhase;
			buildActionMask = 2147483647;
			files = (
			);
			runOnlyForDeploymentPostprocessing = 0;
		};
		66DBFC1D221EF294007E990C /* Resources */ = {
			isa = PBXResourcesBuildPhase;
			buildActionMask = 2147483647;
			files = (
			);
			runOnlyForDeploymentPostprocessing = 0;
		};
/* End PBXResourcesBuildPhase section */

/* Begin PBXSourcesBuildPhase section */
		66DBFBFA221EF293007E990C /* Sources */ = {
			isa = PBXSourcesBuildPhase;
			buildActionMask = 2147483647;
			files = (
				66DBFC06221EF293007E990C /* PostViewController.swift in Sources */,
				66DBFC02221EF293007E990C /* AppDelegate.swift in Sources */,
				66DBFC04221EF293007E990C /* BattlesTableViewController.swift in Sources */,
				664D6E612337CA0100A964A8 /* LoadingViewController.swift in Sources */,
				66721FB9223828DC001984C4 /* TabBarController.swift in Sources */,
				66D8339A234D5AB700481A82 /* BattleDetailsViewController.swift in Sources */,
				66D8B4B32311B0D200B1A9F4 /* YesNo.swift in Sources */,
				667953E5233BBD52003B6BEC /* Verdict.swift in Sources */,
				66D83397234B7B1500481A82 /* CommentsTableViewCell.swift in Sources */,
				66E3DDE42226146B00B5C028 /* Battle.swift in Sources */,
				66721FBB22382FA2001984C4 /* AccountViewController.swift in Sources */,
				664DD13022341EAE00389062 /* SignUpViewController.swift in Sources */,
				66D02DD7235764E700371A09 /* PostCommentViewController.swift in Sources */,
				66D02DDB235934E100371A09 /* CommentsTableViewController.swift in Sources */,
				665442EA2311FE71002C60FF /* AccountDetailsViewController.swift in Sources */,
				66D02DD9235766BA00371A09 /* CommentsHeaderTableViewCell.swift in Sources */,
				66721FBF2238AC7E001984C4 /* Spinner.swift in Sources */,
				666054AA223B1DF700EF61EC /* Alert.swift in Sources */,
				66D8339C234D5C9900481A82 /* Comment.swift in Sources */,
				66FCF6CC2224C913009BEF1F /* BattlesTableViewCell.swift in Sources */,
				664DD13422361F2E00389062 /* API.swift in Sources */,
				66721FA92237FE7F001984C4 /* LogInViewController.swift in Sources */,
				664DD1362236F4B900389062 /* ErrorCode.swift in Sources */,
				662CB8882375BCD900521082 /* LegalDocumentsViewController.swift in Sources */,
			);
			runOnlyForDeploymentPostprocessing = 0;
		};
		66DBFC10221EF293007E990C /* Sources */ = {
			isa = PBXSourcesBuildPhase;
			buildActionMask = 2147483647;
			files = (
				66DBFC19221EF293007E990C /* bitterbattlesTests.swift in Sources */,
			);
			runOnlyForDeploymentPostprocessing = 0;
		};
		66DBFC1B221EF294007E990C /* Sources */ = {
			isa = PBXSourcesBuildPhase;
			buildActionMask = 2147483647;
			files = (
				66DBFC24221EF294007E990C /* bitterbattlesUITests.swift in Sources */,
			);
			runOnlyForDeploymentPostprocessing = 0;
		};
/* End PBXSourcesBuildPhase section */

/* Begin PBXTargetDependency section */
		66DBFC16221EF293007E990C /* PBXTargetDependency */ = {
			isa = PBXTargetDependency;
			target = 66DBFBFD221EF293007E990C /* bitterbattles */;
			targetProxy = 66DBFC15221EF293007E990C /* PBXContainerItemProxy */;
		};
		66DBFC21221EF294007E990C /* PBXTargetDependency */ = {
			isa = PBXTargetDependency;
			target = 66DBFBFD221EF293007E990C /* bitterbattles */;
			targetProxy = 66DBFC20221EF294007E990C /* PBXContainerItemProxy */;
		};
/* End PBXTargetDependency section */

/* Begin PBXVariantGroup section */
		66DBFC07221EF293007E990C /* Main.storyboard */ = {
			isa = PBXVariantGroup;
			children = (
				66DBFC08221EF293007E990C /* Base */,
			);
			name = Main.storyboard;
			sourceTree = "<group>";
		};
		66DBFC0C221EF293007E990C /* LaunchScreen.storyboard */ = {
			isa = PBXVariantGroup;
			children = (
				66DBFC0D221EF293007E990C /* Base */,
			);
			name = LaunchScreen.storyboard;
			sourceTree = "<group>";
		};
/* End PBXVariantGroup section */

/* Begin XCBuildConfiguration section */
		66DBFC26221EF294007E990C /* Debug */ = {
			isa = XCBuildConfiguration;
			buildSettings = {
				ALWAYS_SEARCH_USER_PATHS = NO;
				CLANG_ANALYZER_NONNULL = YES;
				CLANG_ANALYZER_NUMBER_OBJECT_CONVERSION = YES_AGGRESSIVE;
				CLANG_CXX_LANGUAGE_STANDARD = "gnu++14";
				CLANG_CXX_LIBRARY = "libc++";
				CLANG_ENABLE_MODULES = YES;
				CLANG_ENABLE_OBJC_ARC = YES;
				CLANG_ENABLE_OBJC_WEAK = YES;
				CLANG_WARN_BLOCK_CAPTURE_AUTORELEASING = YES;
				CLANG_WARN_BOOL_CONVERSION = YES;
				CLANG_WARN_COMMA = YES;
				CLANG_WARN_CONSTANT_CONVERSION = YES;
				CLANG_WARN_DEPRECATED_OBJC_IMPLEMENTATIONS = YES;
				CLANG_WARN_DIRECT_OBJC_ISA_USAGE = YES_ERROR;
				CLANG_WARN_DOCUMENTATION_COMMENTS = YES;
				CLANG_WARN_EMPTY_BODY = YES;
				CLANG_WARN_ENUM_CONVERSION = YES;
				CLANG_WARN_INFINITE_RECURSION = YES;
				CLANG_WARN_INT_CONVERSION = YES;
				CLANG_WARN_NON_LITERAL_NULL_CONVERSION = YES;
				CLANG_WARN_OBJC_IMPLICIT_RETAIN_SELF = YES;
				CLANG_WARN_OBJC_LITERAL_CONVERSION = YES;
				CLANG_WARN_OBJC_ROOT_CLASS = YES_ERROR;
				CLANG_WARN_RANGE_LOOP_ANALYSIS = YES;
				CLANG_WARN_STRICT_PROTOTYPES = YES;
				CLANG_WARN_SUSPICIOUS_MOVE = YES;
				CLANG_WARN_UNGUARDED_AVAILABILITY = YES_AGGRESSIVE;
				CLANG_WARN_UNREACHABLE_CODE = YES;
				CLANG_WARN__DUPLICATE_METHOD_MATCH = YES;
				CODE_SIGN_IDENTITY = "iPhone Developer";
				COPY_PHASE_STRIP = NO;
				DEBUG_INFORMATION_FORMAT = dwarf;
				ENABLE_STRICT_OBJC_MSGSEND = YES;
				ENABLE_TESTABILITY = YES;
				GCC_C_LANGUAGE_STANDARD = gnu11;
				GCC_DYNAMIC_NO_PIC = NO;
				GCC_NO_COMMON_BLOCKS = YES;
				GCC_OPTIMIZATION_LEVEL = 0;
				GCC_PREPROCESSOR_DEFINITIONS = (
					"DEBUG=1",
					"$(inherited)",
				);
				GCC_WARN_64_TO_32_BIT_CONVERSION = YES;
				GCC_WARN_ABOUT_RETURN_TYPE = YES_ERROR;
				GCC_WARN_UNDECLARED_SELECTOR = YES;
				GCC_WARN_UNINITIALIZED_AUTOS = YES_AGGRESSIVE;
				GCC_WARN_UNUSED_FUNCTION = YES;
				GCC_WARN_UNUSED_VARIABLE = YES;
				IPHONEOS_DEPLOYMENT_TARGET = 13.1;
				MTL_ENABLE_DEBUG_INFO = INCLUDE_SOURCE;
				MTL_FAST_MATH = YES;
				ONLY_ACTIVE_ARCH = YES;
				SDKROOT = iphoneos;
				SWIFT_ACTIVE_COMPILATION_CONDITIONS = DEBUG;
				SWIFT_OPTIMIZATION_LEVEL = "-Onone";
			};
			name = Debug;
		};
		66DBFC27221EF294007E990C /* Release */ = {
			isa = XCBuildConfiguration;
			buildSettings = {
				ALWAYS_SEARCH_USER_PATHS = NO;
				CLANG_ANALYZER_NONNULL = YES;
				CLANG_ANALYZER_NUMBER_OBJECT_CONVERSION = YES_AGGRESSIVE;
				CLANG_CXX_LANGUAGE_STANDARD = "gnu++14";
				CLANG_CXX_LIBRARY = "libc++";
				CLANG_ENABLE_MODULES = YES;
				CLANG_ENABLE_OBJC_ARC = YES;
				CLANG_ENABLE_OBJC_WEAK = YES;
				CLANG_WARN_BLOCK_CAPTURE_AUTORELEASING = YES;
				CLANG_WARN_BOOL_CONVERSION = YES;
				CLANG_WARN_COMMA = YES;
				CLANG_WARN_CONSTANT_CONVERSION = YES;
				CLANG_WARN_DEPRECATED_OBJC_IMPLEMENTATIONS = YES;
				CLANG_WARN_DIRECT_OBJC_ISA_USAGE = YES_ERROR;
				CLANG_WARN_DOCUMENTATION_COMMENTS = YES;
				CLANG_WARN_EMPTY_BODY = YES;
				CLANG_WARN_ENUM_CONVERSION = YES;
				CLANG_WARN_INFINITE_RECURSION = YES;
				CLANG_WARN_INT_CONVERSION = YES;
				CLANG_WARN_NON_LITERAL_NULL_CONVERSION = YES;
				CLANG_WARN_OBJC_IMPLICIT_RETAIN_SELF = YES;
				CLANG_WARN_OBJC_LITERAL_CONVERSION = YES;
				CLANG_WARN_OBJC_ROOT_CLASS = YES_ERROR;
				CLANG_WARN_RANGE_LOOP_ANALYSIS = YES;
				CLANG_WARN_STRICT_PROTOTYPES = YES;
				CLANG_WARN_SUSPICIOUS_MOVE = YES;
				CLANG_WARN_UNGUARDED_AVAILABILITY = YES_AGGRESSIVE;
				CLANG_WARN_UNREACHABLE_CODE = YES;
				CLANG_WARN__DUPLICATE_METHOD_MATCH = YES;
				CODE_SIGN_IDENTITY = "iPhone Developer";
				COPY_PHASE_STRIP = NO;
				DEBUG_INFORMATION_FORMAT = "dwarf-with-dsym";
				ENABLE_NS_ASSERTIONS = NO;
				ENABLE_STRICT_OBJC_MSGSEND = YES;
				GCC_C_LANGUAGE_STANDARD = gnu11;
				GCC_NO_COMMON_BLOCKS = YES;
				GCC_WARN_64_TO_32_BIT_CONVERSION = YES;
				GCC_WARN_ABOUT_RETURN_TYPE = YES_ERROR;
				GCC_WARN_UNDECLARED_SELECTOR = YES;
				GCC_WARN_UNINITIALIZED_AUTOS = YES_AGGRESSIVE;
				GCC_WARN_UNUSED_FUNCTION = YES;
				GCC_WARN_UNUSED_VARIABLE = YES;
				IPHONEOS_DEPLOYMENT_TARGET = 13.1;
				MTL_ENABLE_DEBUG_INFO = NO;
				MTL_FAST_MATH = YES;
				SDKROOT = iphoneos;
				SWIFT_COMPILATION_MODE = wholemodule;
				SWIFT_OPTIMIZATION_LEVEL = "-O";
				VALIDATE_PRODUCT = YES;
			};
			name = Release;
		};
		66DBFC29221EF294007E990C /* Debug */ = {
			isa = XCBuildConfiguration;
			buildSettings = {
				ASSETCATALOG_COMPILER_APPICON_NAME = AppIcon;
				CODE_SIGN_IDENTITY = "iPhone Developer";
				CODE_SIGN_STYLE = Automatic;
				DEVELOPMENT_TEAM = MDVVNYYXQ3;
				INFOPLIST_FILE = bitterbattles/Info.plist;
				IPHONEOS_DEPLOYMENT_TARGET = 13.1;
				LD_RUNPATH_SEARCH_PATHS = (
					"$(inherited)",
					"@executable_path/Frameworks",
				);
				PRODUCT_BUNDLE_IDENTIFIER = com.littlewolfsoftware.bitterbattles.ios;
				PRODUCT_NAME = "$(TARGET_NAME)";
				PROVISIONING_PROFILE_SPECIFIER = "";
				SWIFT_VERSION = 5.0;
				TARGETED_DEVICE_FAMILY = "1,2";
			};
			name = Debug;
		};
		66DBFC2A221EF294007E990C /* Release */ = {
			isa = XCBuildConfiguration;
			buildSettings = {
				ASSETCATALOG_COMPILER_APPICON_NAME = AppIcon;
				CODE_SIGN_IDENTITY = "iPhone Developer";
				CODE_SIGN_STYLE = Automatic;
				DEVELOPMENT_TEAM = MDVVNYYXQ3;
				INFOPLIST_FILE = bitterbattles/Info.plist;
				IPHONEOS_DEPLOYMENT_TARGET = 13.1;
				LD_RUNPATH_SEARCH_PATHS = (
					"$(inherited)",
					"@executable_path/Frameworks",
				);
				PRODUCT_BUNDLE_IDENTIFIER = com.littlewolfsoftware.bitterbattles.ios;
				PRODUCT_NAME = "$(TARGET_NAME)";
				PROVISIONING_PROFILE_SPECIFIER = "";
				SWIFT_VERSION = 5.0;
				TARGETED_DEVICE_FAMILY = "1,2";
			};
			name = Release;
		};
		66DBFC2C221EF294007E990C /* Debug */ = {
			isa = XCBuildConfiguration;
			buildSettings = {
				ALWAYS_EMBED_SWIFT_STANDARD_LIBRARIES = YES;
				BUNDLE_LOADER = "$(TEST_HOST)";
				CODE_SIGN_STYLE = Automatic;
				INFOPLIST_FILE = bitterbattlesTests/Info.plist;
				LD_RUNPATH_SEARCH_PATHS = (
					"$(inherited)",
					"@executable_path/Frameworks",
					"@loader_path/Frameworks",
				);
				PRODUCT_BUNDLE_IDENTIFIER = com.littlewolfsoftware.bitterbattlesTests;
				PRODUCT_NAME = "$(TARGET_NAME)";
				SWIFT_VERSION = 5.0;
				TARGETED_DEVICE_FAMILY = "1,2";
				TEST_HOST = "$(BUILT_PRODUCTS_DIR)/bitterbattles.app/bitterbattles";
			};
			name = Debug;
		};
		66DBFC2D221EF294007E990C /* Release */ = {
			isa = XCBuildConfiguration;
			buildSettings = {
				ALWAYS_EMBED_SWIFT_STANDARD_LIBRARIES = YES;
				BUNDLE_LOADER = "$(TEST_HOST)";
				CODE_SIGN_STYLE = Automatic;
				INFOPLIST_FILE = bitterbattlesTests/Info.plist;
				LD_RUNPATH_SEARCH_PATHS = (
					"$(inherited)",
					"@executable_path/Frameworks",
					"@loader_path/Frameworks",
				);
				PRODUCT_BUNDLE_IDENTIFIER = com.littlewolfsoftware.bitterbattlesTests;
				PRODUCT_NAME = "$(TARGET_NAME)";
				SWIFT_VERSION = 5.0;
				TARGETED_DEVICE_FAMILY = "1,2";
				TEST_HOST = "$(BUILT_PRODUCTS_DIR)/bitterbattles.app/bitterbattles";
			};
			name = Release;
		};
		66DBFC2F221EF294007E990C /* Debug */ = {
			isa = XCBuildConfiguration;
			buildSettings = {
				ALWAYS_EMBED_SWIFT_STANDARD_LIBRARIES = YES;
				CODE_SIGN_STYLE = Automatic;
				INFOPLIST_FILE = bitterbattlesUITests/Info.plist;
				LD_RUNPATH_SEARCH_PATHS = (
					"$(inherited)",
					"@executable_path/Frameworks",
					"@loader_path/Frameworks",
				);
				PRODUCT_BUNDLE_IDENTIFIER = com.littlewolfsoftware.bitterbattlesUITests;
				PRODUCT_NAME = "$(TARGET_NAME)";
				SWIFT_VERSION = 5.0;
				TARGETED_DEVICE_FAMILY = "1,2";
				TEST_TARGET_NAME = bitterbattles;
			};
			name = Debug;
		};
		66DBFC30221EF294007E990C /* Release */ = {
			isa = XCBuildConfiguration;
			buildSettings = {
				ALWAYS_EMBED_SWIFT_STANDARD_LIBRARIES = YES;
				CODE_SIGN_STYLE = Automatic;
				INFOPLIST_FILE = bitterbattlesUITests/Info.plist;
				LD_RUNPATH_SEARCH_PATHS = (
					"$(inherited)",
					"@executable_path/Frameworks",
					"@loader_path/Frameworks",
				);
				PRODUCT_BUNDLE_IDENTIFIER = com.littlewolfsoftware.bitterbattlesUITests;
				PRODUCT_NAME = "$(TARGET_NAME)";
				SWIFT_VERSION = 5.0;
				TARGETED_DEVICE_FAMILY = "1,2";
				TEST_TARGET_NAME = bitterbattles;
			};
			name = Release;
		};
/* End XCBuildConfiguration section */

/* Begin XCConfigurationList section */
		66DBFBF9221EF293007E990C /* Build configuration list for PBXProject "bitterbattles" */ = {
			isa = XCConfigurationList;
			buildConfigurations = (
				66DBFC26221EF294007E990C /* Debug */,
				66DBFC27221EF294007E990C /* Release */,
			);
			defaultConfigurationIsVisible = 0;
			defaultConfigurationName = Release;
		};
		66DBFC28221EF294007E990C /* Build configuration list for PBXNativeTarget "bitterbattles" */ = {
			isa = XCConfigurationList;
			buildConfigurations = (
				66DBFC29221EF294007E990C /* Debug */,
				66DBFC2A221EF294007E990C /* Release */,
			);
			defaultConfigurationIsVisible = 0;
			defaultConfigurationName = Release;
		};
		66DBFC2B221EF294007E990C /* Build configuration list for PBXNativeTarget "bitterbattlesTests" */ = {
			isa = XCConfigurationList;
			buildConfigurations = (
				66DBFC2C221EF294007E990C /* Debug */,
				66DBFC2D221EF294007E990C /* Release */,
			);
			defaultConfigurationIsVisible = 0;
			defaultConfigurationName = Release;
		};
		66DBFC2E221EF294007E990C /* Build configuration list for PBXNativeTarget "bitterbattlesUITests" */ = {
			isa = XCConfigurationList;
			buildConfigurations = (
				66DBFC2F221EF294007E990C /* Debug */,
				66DBFC30221EF294007E990C /* Release */,
			);
			defaultConfigurationIsVisible = 0;
			defaultConfigurationName = Release;
		};
/* End XCConfigurationList section */
	};
	rootObject = 66DBFBF6221EF293007E990C /* Project object */;
}
